// !$*UTF8*$!
{
	archiveVersion = 1;
	classes = {
	};
	objectVersion = 55;
	objects = {

/* Begin PBXBuildFile section */
		9F0D6A2B282DEF6B0080079C /* LoginView.swift in Sources */ = {isa = PBXBuildFile; fileRef = 9F0D6A2A282DEF6B0080079C /* LoginView.swift */; };
		9F0D6A2F282DF0120080079C /* SignupView.swift in Sources */ = {isa = PBXBuildFile; fileRef = 9F0D6A2E282DF0120080079C /* SignupView.swift */; };
		9F0D6A31282DF07A0080079C /* BackgroundGradientView.swift in Sources */ = {isa = PBXBuildFile; fileRef = 9F0D6A30282DF07A0080079C /* BackgroundGradientView.swift */; };
		9F0D6A33282DF27C0080079C /* LogoView.swift in Sources */ = {isa = PBXBuildFile; fileRef = 9F0D6A32282DF27C0080079C /* LogoView.swift */; };
		9F0D6A35282DF48F0080079C /* CustomTextField.swift in Sources */ = {isa = PBXBuildFile; fileRef = 9F0D6A34282DF48F0080079C /* CustomTextField.swift */; };
		9F0D6A38282DF7DA0080079C /* EmailTextField.swift in Sources */ = {isa = PBXBuildFile; fileRef = 9F0D6A37282DF7DA0080079C /* EmailTextField.swift */; };
		9F0D6A3A282DFAFA0080079C /* CustomSecureField.swift in Sources */ = {isa = PBXBuildFile; fileRef = 9F0D6A39282DFAFA0080079C /* CustomSecureField.swift */; };
		9F0D6A3C282DFBBF0080079C /* PasswordSecureField.swift in Sources */ = {isa = PBXBuildFile; fileRef = 9F0D6A3B282DFBBF0080079C /* PasswordSecureField.swift */; };
		9F19452C282D548A007C2870 /* ToDoFirebaseApp.swift in Sources */ = {isa = PBXBuildFile; fileRef = 9F19452B282D548A007C2870 /* ToDoFirebaseApp.swift */; };
		9F19452E282D548A007C2870 /* ContentView.swift in Sources */ = {isa = PBXBuildFile; fileRef = 9F19452D282D548A007C2870 /* ContentView.swift */; };
		9F194530282D5491007C2870 /* Assets.xcassets in Resources */ = {isa = PBXBuildFile; fileRef = 9F19452F282D5491007C2870 /* Assets.xcassets */; };
		9F194533282D5491007C2870 /* Preview Assets.xcassets in Resources */ = {isa = PBXBuildFile; fileRef = 9F194532282D5491007C2870 /* Preview Assets.xcassets */; };
/* End PBXBuildFile section */

/* Begin PBXFileReference section */
		9F0D6A2A282DEF6B0080079C /* LoginView.swift */ = {isa = PBXFileReference; lastKnownFileType = sourcecode.swift; path = LoginView.swift; sourceTree = "<group>"; };
		9F0D6A2E282DF0120080079C /* SignupView.swift */ = {isa = PBXFileReference; lastKnownFileType = sourcecode.swift; path = SignupView.swift; sourceTree = "<group>"; };
		9F0D6A30282DF07A0080079C /* BackgroundGradientView.swift */ = {isa = PBXFileReference; lastKnownFileType = sourcecode.swift; path = BackgroundGradientView.swift; sourceTree = "<group>"; };
		9F0D6A32282DF27C0080079C /* LogoView.swift */ = {isa = PBXFileReference; lastKnownFileType = sourcecode.swift; path = LogoView.swift; sourceTree = "<group>"; };
		9F0D6A34282DF48F0080079C /* CustomTextField.swift */ = {isa = PBXFileReference; lastKnownFileType = sourcecode.swift; path = CustomTextField.swift; sourceTree = "<group>"; };
		9F0D6A37282DF7DA0080079C /* EmailTextField.swift */ = {isa = PBXFileReference; lastKnownFileType = sourcecode.swift; path = EmailTextField.swift; sourceTree = "<group>"; };
		9F0D6A39282DFAFA0080079C /* CustomSecureField.swift */ = {isa = PBXFileReference; lastKnownFileType = sourcecode.swift; path = CustomSecureField.swift; sourceTree = "<group>"; };
		9F0D6A3B282DFBBF0080079C /* PasswordSecureField.swift */ = {isa = PBXFileReference; lastKnownFileType = sourcecode.swift; path = PasswordSecureField.swift; sourceTree = "<group>"; };
		9F194528282D548A007C2870 /* ToDoFirebase.app */ = {isa = PBXFileReference; explicitFileType = wrapper.application; includeInIndex = 0; path = ToDoFirebase.app; sourceTree = BUILT_PRODUCTS_DIR; };
		9F19452B282D548A007C2870 /* ToDoFirebaseApp.swift */ = {isa = PBXFileReference; lastKnownFileType = sourcecode.swift; path = ToDoFirebaseApp.swift; sourceTree = "<group>"; };
		9F19452D282D548A007C2870 /* ContentView.swift */ = {isa = PBXFileReference; lastKnownFileType = sourcecode.swift; path = ContentView.swift; sourceTree = "<group>"; };
		9F19452F282D5491007C2870 /* Assets.xcassets */ = {isa = PBXFileReference; lastKnownFileType = folder.assetcatalog; path = Assets.xcassets; sourceTree = "<group>"; };
		9F194532282D5491007C2870 /* Preview Assets.xcassets */ = {isa = PBXFileReference; lastKnownFileType = folder.assetcatalog; path = "Preview Assets.xcassets"; sourceTree = "<group>"; };
/* End PBXFileReference section */

/* Begin PBXFrameworksBuildPhase section */
		9F194525282D548A007C2870 /* Frameworks */ = {
			isa = PBXFrameworksBuildPhase;
			buildActionMask = 2147483647;
			files = (
			);
			runOnlyForDeploymentPostprocessing = 0;
		};
/* End PBXFrameworksBuildPhase section */

/* Begin PBXGroup section */
		9F0D6A27282DEF440080079C /* Model */ = {
			isa = PBXGroup;
			children = (
			);
			path = Model;
			sourceTree = "<group>";
		};
		9F0D6A28282DEF500080079C /* View */ = {
			isa = PBXGroup;
			children = (
				9F0D6A2D282DEFCB0080079C /* Authentication */,
				9F0D6A2C282DEF9C0080079C /* Utils */,
			);
			path = View;
			sourceTree = "<group>";
		};
		9F0D6A29282DEF570080079C /* ViewModel */ = {
			isa = PBXGroup;
			children = (
			);
			path = ViewModel;
			sourceTree = "<group>";
		};
		9F0D6A2C282DEF9C0080079C /* Utils */ = {
			isa = PBXGroup;
			children = (
				9F0D6A36282DF7B10080079C /* TextFields */,
				9F0D6A30282DF07A0080079C /* BackgroundGradientView.swift */,
				9F0D6A32282DF27C0080079C /* LogoView.swift */,
			);
			path = Utils;
			sourceTree = "<group>";
		};
		9F0D6A2D282DEFCB0080079C /* Authentication */ = {
			isa = PBXGroup;
			children = (
				9F0D6A2A282DEF6B0080079C /* LoginView.swift */,
				9F0D6A2E282DF0120080079C /* SignupView.swift */,
			);
			path = Authentication;
			sourceTree = "<group>";
		};
		9F0D6A36282DF7B10080079C /* TextFields */ = {
			isa = PBXGroup;
			children = (
				9F0D6A34282DF48F0080079C /* CustomTextField.swift */,
				9F0D6A37282DF7DA0080079C /* EmailTextField.swift */,
				9F0D6A39282DFAFA0080079C /* CustomSecureField.swift */,
				9F0D6A3B282DFBBF0080079C /* PasswordSecureField.swift */,
			);
			path = TextFields;
			sourceTree = "<group>";
		};
		9F19451F282D548A007C2870 = {
			isa = PBXGroup;
			children = (
				9F19452A282D548A007C2870 /* ToDoFirebase */,
				9F194529282D548A007C2870 /* Products */,
			);
			sourceTree = "<group>";
		};
		9F194529282D548A007C2870 /* Products */ = {
			isa = PBXGroup;
			children = (
				9F194528282D548A007C2870 /* ToDoFirebase.app */,
			);
			name = Products;
			sourceTree = "<group>";
		};
		9F19452A282D548A007C2870 /* ToDoFirebase */ = {
			isa = PBXGroup;
			children = (
				9F0D6A29282DEF570080079C /* ViewModel */,
				9F0D6A28282DEF500080079C /* View */,
				9F0D6A27282DEF440080079C /* Model */,
				9F19452B282D548A007C2870 /* ToDoFirebaseApp.swift */,
				9F19452D282D548A007C2870 /* ContentView.swift */,
				9F19452F282D5491007C2870 /* Assets.xcassets */,
				9F194531282D5491007C2870 /* Preview Content */,
			);
			path = ToDoFirebase;
			sourceTree = "<group>";
		};
		9F194531282D5491007C2870 /* Preview Content */ = {
			isa = PBXGroup;
			children = (
				9F194532282D5491007C2870 /* Preview Assets.xcassets */,
			);
			path = "Preview Content";
			sourceTree = "<group>";
		};
/* End PBXGroup section */

/* Begin PBXNativeTarget section */
		9F194527282D548A007C2870 /* ToDoFirebase */ = {
			isa = PBXNativeTarget;
			buildConfigurationList = 9F194536282D5491007C2870 /* Build configuration list for PBXNativeTarget "ToDoFirebase" */;
			buildPhases = (
				9F194524282D548A007C2870 /* Sources */,
				9F194525282D548A007C2870 /* Frameworks */,
				9F194526282D548A007C2870 /* Resources */,
			);
			buildRules = (
			);
			dependencies = (
			);
			name = ToDoFirebase;
			productName = ToDoFirebase;
			productReference = 9F194528282D548A007C2870 /* ToDoFirebase.app */;
			productType = "com.apple.product-type.application";
		};
/* End PBXNativeTarget section */

/* Begin PBXProject section */
		9F194520282D548A007C2870 /* Project object */ = {
			isa = PBXProject;
			attributes = {
				BuildIndependentTargetsInParallel = 1;
				LastSwiftUpdateCheck = 1330;
				LastUpgradeCheck = 1330;
				TargetAttributes = {
					9F194527282D548A007C2870 = {
						CreatedOnToolsVersion = 13.3.1;
					};
				};
			};
			buildConfigurationList = 9F194523282D548A007C2870 /* Build configuration list for PBXProject "ToDoFirebase" */;
			compatibilityVersion = "Xcode 13.0";
			developmentRegion = en;
			hasScannedForEncodings = 0;
			knownRegions = (
				en,
				Base,
			);
			mainGroup = 9F19451F282D548A007C2870;
			productRefGroup = 9F194529282D548A007C2870 /* Products */;
			projectDirPath = "";
			projectRoot = "";
			targets = (
				9F194527282D548A007C2870 /* ToDoFirebase */,
			);
		};
/* End PBXProject section */

/* Begin PBXResourcesBuildPhase section */
		9F194526282D548A007C2870 /* Resources */ = {
			isa = PBXResourcesBuildPhase;
			buildActionMask = 2147483647;
			files = (
				9F194533282D5491007C2870 /* Preview Assets.xcassets in Resources */,
				9F194530282D5491007C2870 /* Assets.xcassets in Resources */,
			);
			runOnlyForDeploymentPostprocessing = 0;
		};
/* End PBXResourcesBuildPhase section */

/* Begin PBXSourcesBuildPhase section */
		9F194524282D548A007C2870 /* Sources */ = {
			isa = PBXSourcesBuildPhase;
			buildActionMask = 2147483647;
			files = (
				9F0D6A38282DF7DA0080079C /* EmailTextField.swift in Sources */,
				9F0D6A35282DF48F0080079C /* CustomTextField.swift in Sources */,
				9F0D6A2F282DF0120080079C /* SignupView.swift in Sources */,
				9F0D6A33282DF27C0080079C /* LogoView.swift in Sources */,
				9F0D6A3C282DFBBF0080079C /* PasswordSecureField.swift in Sources */,
				9F0D6A2B282DEF6B0080079C /* LoginView.swift in Sources */,
				9F19452E282D548A007C2870 /* ContentView.swift in Sources */,
				9F0D6A31282DF07A0080079C /* BackgroundGradientView.swift in Sources */,
				9F0D6A3A282DFAFA0080079C /* CustomSecureField.swift in Sources */,
				9F19452C282D548A007C2870 /* ToDoFirebaseApp.swift in Sources */,
			);
			runOnlyForDeploymentPostprocessing = 0;
		};
/* End PBXSourcesBuildPhase section */

/* Begin XCBuildConfiguration section */
		9F194534282D5491007C2870 /* Debug */ = {
			isa = XCBuildConfiguration;
			buildSettings = {
				ALWAYS_SEARCH_USER_PATHS = NO;
				CLANG_ANALYZER_NONNULL = YES;
				CLANG_ANALYZER_NUMBER_OBJECT_CONVERSION = YES_AGGRESSIVE;
				CLANG_CXX_LANGUAGE_STANDARD = "gnu++17";
				CLANG_ENABLE_MODULES = YES;
				CLANG_ENABLE_OBJC_ARC = YES;
				CLANG_ENABLE_OBJC_WEAK = YES;
				CLANG_WARN_BLOCK_CAPTURE_AUTORELEASING = YES;
				CLANG_WARN_BOOL_CONVERSION = YES;
				CLANG_WARN_COMMA = YES;
				CLANG_WARN_CONSTANT_CONVERSION = YES;
				CLANG_WARN_DEPRECATED_OBJC_IMPLEMENTATIONS = YES;
				CLANG_WARN_DIRECT_OBJC_ISA_USAGE = YES_ERROR;
				CLANG_WARN_DOCUMENTATION_COMMENTS = YES;
				CLANG_WARN_EMPTY_BODY = YES;
				CLANG_WARN_ENUM_CONVERSION = YES;
				CLANG_WARN_INFINITE_RECURSION = YES;
				CLANG_WARN_INT_CONVERSION = YES;
				CLANG_WARN_NON_LITERAL_NULL_CONVERSION = YES;
				CLANG_WARN_OBJC_IMPLICIT_RETAIN_SELF = YES;
				CLANG_WARN_OBJC_LITERAL_CONVERSION = YES;
				CLANG_WARN_OBJC_ROOT_CLASS = YES_ERROR;
				CLANG_WARN_QUOTED_INCLUDE_IN_FRAMEWORK_HEADER = YES;
				CLANG_WARN_RANGE_LOOP_ANALYSIS = YES;
				CLANG_WARN_STRICT_PROTOTYPES = YES;
				CLANG_WARN_SUSPICIOUS_MOVE = YES;
				CLANG_WARN_UNGUARDED_AVAILABILITY = YES_AGGRESSIVE;
				CLANG_WARN_UNREACHABLE_CODE = YES;
				CLANG_WARN__DUPLICATE_METHOD_MATCH = YES;
				COPY_PHASE_STRIP = NO;
				DEBUG_INFORMATION_FORMAT = dwarf;
				ENABLE_STRICT_OBJC_MSGSEND = YES;
				ENABLE_TESTABILITY = YES;
				GCC_C_LANGUAGE_STANDARD = gnu11;
				GCC_DYNAMIC_NO_PIC = NO;
				GCC_NO_COMMON_BLOCKS = YES;
				GCC_OPTIMIZATION_LEVEL = 0;
				GCC_PREPROCESSOR_DEFINITIONS = (
					"DEBUG=1",
					"$(inherited)",
				);
				GCC_WARN_64_TO_32_BIT_CONVERSION = YES;
				GCC_WARN_ABOUT_RETURN_TYPE = YES_ERROR;
				GCC_WARN_UNDECLARED_SELECTOR = YES;
				GCC_WARN_UNINITIALIZED_AUTOS = YES_AGGRESSIVE;
				GCC_WARN_UNUSED_FUNCTION = YES;
				GCC_WARN_UNUSED_VARIABLE = YES;
				IPHONEOS_DEPLOYMENT_TARGET = 15.4;
				MTL_ENABLE_DEBUG_INFO = INCLUDE_SOURCE;
				MTL_FAST_MATH = YES;
				ONLY_ACTIVE_ARCH = YES;
				SDKROOT = iphoneos;
				SWIFT_ACTIVE_COMPILATION_CONDITIONS = DEBUG;
				SWIFT_OPTIMIZATION_LEVEL = "-Onone";
			};
			name = Debug;
		};
		9F194535282D5491007C2870 /* Release */ = {
			isa = XCBuildConfiguration;
			buildSettings = {
				ALWAYS_SEARCH_USER_PATHS = NO;
				CLANG_ANALYZER_NONNULL = YES;
				CLANG_ANALYZER_NUMBER_OBJECT_CONVERSION = YES_AGGRESSIVE;
				CLANG_CXX_LANGUAGE_STANDARD = "gnu++17";
				CLANG_ENABLE_MODULES = YES;
				CLANG_ENABLE_OBJC_ARC = YES;
				CLANG_ENABLE_OBJC_WEAK = YES;
				CLANG_WARN_BLOCK_CAPTURE_AUTORELEASING = YES;
				CLANG_WARN_BOOL_CONVERSION = YES;
				CLANG_WARN_COMMA = YES;
				CLANG_WARN_CONSTANT_CONVERSION = YES;
				CLANG_WARN_DEPRECATED_OBJC_IMPLEMENTATIONS = YES;
				CLANG_WARN_DIRECT_OBJC_ISA_USAGE = YES_ERROR;
				CLANG_WARN_DOCUMENTATION_COMMENTS = YES;
				CLANG_WARN_EMPTY_BODY = YES;
				CLANG_WARN_ENUM_CONVERSION = YES;
				CLANG_WARN_INFINITE_RECURSION = YES;
				CLANG_WARN_INT_CONVERSION = YES;
				CLANG_WARN_NON_LITERAL_NULL_CONVERSION = YES;
				CLANG_WARN_OBJC_IMPLICIT_RETAIN_SELF = YES;
				CLANG_WARN_OBJC_LITERAL_CONVERSION = YES;
				CLANG_WARN_OBJC_ROOT_CLASS = YES_ERROR;
				CLANG_WARN_QUOTED_INCLUDE_IN_FRAMEWORK_HEADER = YES;
				CLANG_WARN_RANGE_LOOP_ANALYSIS = YES;
				CLANG_WARN_STRICT_PROTOTYPES = YES;
				CLANG_WARN_SUSPICIOUS_MOVE = YES;
				CLANG_WARN_UNGUARDED_AVAILABILITY = YES_AGGRESSIVE;
				CLANG_WARN_UNREACHABLE_CODE = YES;
				CLANG_WARN__DUPLICATE_METHOD_MATCH = YES;
				COPY_PHASE_STRIP = NO;
				DEBUG_INFORMATION_FORMAT = "dwarf-with-dsym";
				ENABLE_NS_ASSERTIONS = NO;
				ENABLE_STRICT_OBJC_MSGSEND = YES;
				GCC_C_LANGUAGE_STANDARD = gnu11;
				GCC_NO_COMMON_BLOCKS = YES;
				GCC_WARN_64_TO_32_BIT_CONVERSION = YES;
				GCC_WARN_ABOUT_RETURN_TYPE = YES_ERROR;
				GCC_WARN_UNDECLARED_SELECTOR = YES;
				GCC_WARN_UNINITIALIZED_AUTOS = YES_AGGRESSIVE;
				GCC_WARN_UNUSED_FUNCTION = YES;
				GCC_WARN_UNUSED_VARIABLE = YES;
				IPHONEOS_DEPLOYMENT_TARGET = 15.4;
				MTL_ENABLE_DEBUG_INFO = NO;
				MTL_FAST_MATH = YES;
				SDKROOT = iphoneos;
				SWIFT_COMPILATION_MODE = wholemodule;
				SWIFT_OPTIMIZATION_LEVEL = "-O";
				VALIDATE_PRODUCT = YES;
			};
			name = Release;
		};
		9F194537282D5491007C2870 /* Debug */ = {
			isa = XCBuildConfiguration;
			buildSettings = {
				ASSETCATALOG_COMPILER_APPICON_NAME = AppIcon;
				ASSETCATALOG_COMPILER_GLOBAL_ACCENT_COLOR_NAME = AccentColor;
				CODE_SIGN_STYLE = Automatic;
				CURRENT_PROJECT_VERSION = 1;
				DEVELOPMENT_ASSET_PATHS = "\"ToDoFirebase/Preview Content\"";
				DEVELOPMENT_TEAM = RYF6Y27MT2;
				ENABLE_PREVIEWS = YES;
				GENERATE_INFOPLIST_FILE = YES;
				INFOPLIST_KEY_UIApplicationSceneManifest_Generation = YES;
				INFOPLIST_KEY_UIApplicationSupportsIndirectInputEvents = YES;
				INFOPLIST_KEY_UILaunchScreen_Generation = YES;
				INFOPLIST_KEY_UISupportedInterfaceOrientations_iPad = "UIInterfaceOrientationPortrait UIInterfaceOrientationPortraitUpsideDown UIInterfaceOrientationLandscapeLeft UIInterfaceOrientationLandscapeRight";
				INFOPLIST_KEY_UISupportedInterfaceOrientations_iPhone = "UIInterfaceOrientationPortrait UIInterfaceOrientationLandscapeLeft UIInterfaceOrientationLandscapeRight";
				LD_RUNPATH_SEARCH_PATHS = (
					"$(inherited)",
					"@executable_path/Frameworks",
				);
				MARKETING_VERSION = 1.0;
				PRODUCT_BUNDLE_IDENTIFIER = com.varunk.ToDoFirebase;
				PRODUCT_NAME = "$(TARGET_NAME)";
				SWIFT_EMIT_LOC_STRINGS = YES;
				SWIFT_VERSION = 5.0;
				TARGETED_DEVICE_FAMILY = "1,2";
			};
			name = Debug;
		};
		9F194538282D5491007C2870 /* Release */ = {
			isa = XCBuildConfiguration;
			buildSettings = {
				ASSETCATALOG_COMPILER_APPICON_NAME = AppIcon;
				ASSETCATALOG_COMPILER_GLOBAL_ACCENT_COLOR_NAME = AccentColor;
				CODE_SIGN_STYLE = Automatic;
				CURRENT_PROJECT_VERSION = 1;
				DEVELOPMENT_ASSET_PATHS = "\"ToDoFirebase/Preview Content\"";
				DEVELOPMENT_TEAM = RYF6Y27MT2;
				ENABLE_PREVIEWS = YES;
				GENERATE_INFOPLIST_FILE = YES;
				INFOPLIST_KEY_UIApplicationSceneManifest_Generation = YES;
				INFOPLIST_KEY_UIApplicationSupportsIndirectInputEvents = YES;
				INFOPLIST_KEY_UILaunchScreen_Generation = YES;
				INFOPLIST_KEY_UISupportedInterfaceOrientations_iPad = "UIInterfaceOrientationPortrait UIInterfaceOrientationPortraitUpsideDown UIInterfaceOrientationLandscapeLeft UIInterfaceOrientationLandscapeRight";
				INFOPLIST_KEY_UISupportedInterfaceOrientations_iPhone = "UIInterfaceOrientationPortrait UIInterfaceOrientationLandscapeLeft UIInterfaceOrientationLandscapeRight";
				LD_RUNPATH_SEARCH_PATHS = (
					"$(inherited)",
					"@executable_path/Frameworks",
				);
				MARKETING_VERSION = 1.0;
				PRODUCT_BUNDLE_IDENTIFIER = com.varunk.ToDoFirebase;
				PRODUCT_NAME = "$(TARGET_NAME)";
				SWIFT_EMIT_LOC_STRINGS = YES;
				SWIFT_VERSION = 5.0;
				TARGETED_DEVICE_FAMILY = "1,2";
			};
			name = Release;
		};
/* End XCBuildConfiguration section */

/* Begin XCConfigurationList section */
		9F194523282D548A007C2870 /* Build configuration list for PBXProject "ToDoFirebase" */ = {
			isa = XCConfigurationList;
			buildConfigurations = (
				9F194534282D5491007C2870 /* Debug */,
				9F194535282D5491007C2870 /* Release */,
			);
			defaultConfigurationIsVisible = 0;
			defaultConfigurationName = Release;
		};
		9F194536282D5491007C2870 /* Build configuration list for PBXNativeTarget "ToDoFirebase" */ = {
			isa = XCConfigurationList;
			buildConfigurations = (
				9F194537282D5491007C2870 /* Debug */,
				9F194538282D5491007C2870 /* Release */,
			);
			defaultConfigurationIsVisible = 0;
			defaultConfigurationName = Release;
		};
/* End XCConfigurationList section */
	};
	rootObject = 9F194520282D548A007C2870 /* Project object */;
}
